
Microsoft Visual Studio Solution File, Format Version 12.00
# Visual Studio Version 16
VisualStudioVersion = 16.0.31613.86
MinimumVisualStudioVersion = 10.0.40219.1
Project("{FAE04EC0-301F-11D3-BF4B-00C04F79EFBC}") = "GenshinPray", "GenshinPray.csproj", "{CDA286B4-6830-412C-845D-BE219B8EFD40}"
EndProject
Global
	GlobalSection(SolutionConfigurationPlatforms) = preSolution
		Debug|Any CPU = Debug|Any CPU
		Release|Any CPU = Release|Any CPU
	EndGlobalSection
	GlobalSection(ProjectConfigurationPlatforms) = postSolution
		{CDA286B4-6830-412C-845D-BE219B8EFD40}.Debug|Any CPU.ActiveCfg = Debug|Any CPU
		{CDA286B4-6830-412C-845D-BE219B8EFD40}.Debug|Any CPU.Build.0 = Debug|Any CPU
		{CDA286B4-6830-412C-845D-BE219B8EFD40}.Release|Any CPU.ActiveCfg = Release|Any CPU
		{CDA286B4-6830-412C-845D-BE219B8EFD40}.Release|Any CPU.Build.0 = Release|Any CPU
	EndGlobalSection
	GlobalSection(SolutionProperties) = preSolution
		HideSolutionNode = FALSE
	EndGlobalSection
	GlobalSection(ExtensibilityGlobals) = postSolution
		SolutionGuid = {23809D44-A55D-475E-AD52-B348015F4959}
	EndGlobalSection
EndGlobal
